<?xml version="1.0" encoding="utf-8"?>
<Project ToolsVersion="4.0" xmlns="http://schemas.microsoft.com/developer/msbuild/2003">
  <ItemGroup>
    <Filter Include="Source Files">
      <UniqueIdentifier>{4FC737F1-C7A5-4376-A066-2A32D752A2FF}</UniqueIdentifier>
      <Extensions>cpp;c;cc;cxx;def;odl;idl;hpj;bat;asm;asmx</Extensions>
    </Filter>
    <Filter Include="Header Files">
      <UniqueIdentifier>{93995380-89BD-4b04-88EB-625FBE52EBFB}</UniqueIdentifier>
      <Extensions>h;hh;hpp;hxx;hm;inl;inc;xsd</Extensions>
    </Filter>
    <Filter Include="Resource Files">
      <UniqueIdentifier>{67DA6AB6-F800-4c08-8B7A-83BB121AAD01}</UniqueIdentifier>
      <Extensions>rc;ico;cur;bmp;dlg;rc2;rct;bin;rgs;gif;jpg;jpeg;jpe;resx;tiff;tif;png;wav</Extensions>
    </Filter>
    <Filter Include="Source Files\gfx">
      <UniqueIdentifier>{d5e49481-e2ee-4dd6-9df7-3b0daa914c74}</UniqueIdentifier>
    </Filter>
  </ItemGroup>
  <ItemGroup>
    <ClCompile Include="src\barrels.c">
      <Filter>Source Files</Filter>
    </ClCompile>
    <ClCompile Include="src\bonus_scores.c">
      <Filter>Source Files</Filter>
    </ClCompile>
    <ClCompile Include="src\drawsprites.c">
      <Filter>Source Files</Filter>
    </ClCompile>
    <ClCompile Include="src\firefoxes.c">
      <Filter>Source Files</Filter>
    </ClCompile>
    <ClCompile Include="src\jumpman.c">
      <Filter>Source Files</Filter>
    </ClCompile>
    <ClCompile Include="src\kong.c">
      <Filter>Source Files</Filter>
    </ClCompile>
    <ClCompile Include="src\main.c">
      <Filter>Source Files</Filter>
    </ClCompile>
    <ClCompile Include="src\overlay.c">
      <Filter>Source Files</Filter>
    </ClCompile>
    <ClCompile Include="src\scorescreen.c">
      <Filter>Source Files</Filter>
    </ClCompile>
    <ClCompile Include="src\stages.c">
      <Filter>Source Files</Filter>
    </ClCompile>
    <ClCompile Include="src\gfx\barrel_ladder_blue0.c">
      <Filter>Source Files\gfx</Filter>
    </ClCompile>
    <ClCompile Include="src\gfx\barrel_ladder_blue1.c">
      <Filter>Source Files\gfx</Filter>
    </ClCompile>
    <ClCompile Include="src\gfx\barrel_ladder0.c">
      <Filter>Source Files\gfx</Filter>
    </ClCompile>
    <ClCompile Include="src\gfx\barrel_ladder1.c">
      <Filter>Source Files\gfx</Filter>
    </ClCompile>
    <ClCompile Include="src\gfx\barrel_rolling_blue0.c">
      <Filter>Source Files\gfx</Filter>
    </ClCompile>
    <ClCompile Include="src\gfx\barrel_rolling_blue1.c">
      <Filter>Source Files\gfx</Filter>
    </ClCompile>
    <ClCompile Include="src\gfx\barrel_rolling_blue2.c">
      <Filter>Source Files\gfx</Filter>
    </ClCompile>
    <ClCompile Include="src\gfx\barrel_rolling_blue3.c">
      <Filter>Source Files\gfx</Filter>
    </ClCompile>
    <ClCompile Include="src\gfx\barrel_rolling0.c">
      <Filter>Source Files\gfx</Filter>
    </ClCompile>
    <ClCompile Include="src\gfx\barrel_rolling1.c">
      <Filter>Source Files\gfx</Filter>
    </ClCompile>
    <ClCompile Include="src\gfx\barrel_rolling2.c">
      <Filter>Source Files\gfx</Filter>
    </ClCompile>
    <ClCompile Include="src\gfx\barrel_rolling3.c">
      <Filter>Source Files\gfx</Filter>
    </ClCompile>
    <ClCompile Include="src\gfx\barrel_standing.c">
      <Filter>Source Files\gfx</Filter>
    </ClCompile>
    <ClCompile Include="src\gfx\conveyor.c">
      <Filter>Source Files\gfx</Filter>
    </ClCompile>
    <ClCompile Include="src\gfx\donkeyKong_holding.c">
      <Filter>Source Files\gfx</Filter>
    </ClCompile>
    <ClCompile Include="src\gfx\donkeyKong_left.c">
      <Filter>Source Files\gfx</Filter>
    </ClCompile>
    <ClCompile Include="src\gfx\donkeyKong_right.c">
      <Filter>Source Files\gfx</Filter>
    </ClCompile>
    <ClCompile Include="src\gfx\donkeyKong_standing.c">
      <Filter>Source Files\gfx</Filter>
    </ClCompile>
    <ClCompile Include="src\gfx\firefox_left0.c">
      <Filter>Source Files\gfx</Filter>
    </ClCompile>
    <ClCompile Include="src\gfx\firefox_left1.c">
      <Filter>Source Files\gfx</Filter>
    </ClCompile>
    <ClCompile Include="src\gfx\firefox_right0.c">
      <Filter>Source Files\gfx</Filter>
    </ClCompile>
    <ClCompile Include="src\gfx\firefox_right1.c">
      <Filter>Source Files\gfx</Filter>
    </ClCompile>
    <ClCompile Include="src\gfx\flame0.c">
      <Filter>Source Files\gfx</Filter>
    </ClCompile>
    <ClCompile Include="src\gfx\flame1.c">
      <Filter>Source Files\gfx</Filter>
    </ClCompile>
    <ClCompile Include="src\gfx\flame2.c">
      <Filter>Source Files\gfx</Filter>
    </ClCompile>
    <ClCompile Include="src\gfx\flame3.c">
      <Filter>Source Files\gfx</Filter>
    </ClCompile>
    <ClCompile Include="src\gfx\girder.c">
      <Filter>Source Files\gfx</Filter>
    </ClCompile>
    <ClCompile Include="src\gfx\girder_circle.c">
      <Filter>Source Files\gfx</Filter>
    </ClCompile>
    <ClCompile Include="src\gfx\life.c">
      <Filter>Source Files\gfx</Filter>
    </ClCompile>
    <ClCompile Include="src\gfx\mario_climb_left.c">
      <Filter>Source Files\gfx</Filter>
    </ClCompile>
    <ClCompile Include="src\gfx\mario_climb_right.c">
      <Filter>Source Files\gfx</Filter>
    </ClCompile>
    <ClCompile Include="src\gfx\mario_dead0.c">
      <Filter>Source Files\gfx</Filter>
    </ClCompile>
    <ClCompile Include="src\gfx\mario_dead1.c">
      <Filter>Source Files\gfx</Filter>
    </ClCompile>
    <ClCompile Include="src\gfx\mario_dead2.c">
      <Filter>Source Files\gfx</Filter>
    </ClCompile>
    <ClCompile Include="src\gfx\mario_dead3.c">
      <Filter>Source Files\gfx</Filter>
    </ClCompile>
    <ClCompile Include="src\gfx\mario_dead4.c">
      <Filter>Source Files\gfx</Filter>
    </ClCompile>
    <ClCompile Include="src\gfx\mario_dead5.c">
      <Filter>Source Files\gfx</Filter>
    </ClCompile>
    <ClCompile Include="src\gfx\mario_jump_left.c">
      <Filter>Source Files\gfx</Filter>
    </ClCompile>
    <ClCompile Include="src\gfx\mario_jump_right.c">
      <Filter>Source Files\gfx</Filter>
    </ClCompile>
    <ClCompile Include="src\gfx\mario_walk_left0.c">
      <Filter>Source Files\gfx</Filter>
    </ClCompile>
    <ClCompile Include="src\gfx\mario_walk_left1.c">
      <Filter>Source Files\gfx</Filter>
    </ClCompile>
    <ClCompile Include="src\gfx\mario_stand.c">
      <Filter>Source Files\gfx</Filter>
    </ClCompile>
    <ClCompile Include="src\gfx\mario_walk_left2.c">
      <Filter>Source Files\gfx</Filter>
    </ClCompile>
    <ClCompile Include="src\gfx\mario_walk_right0.c">
      <Filter>Source Files\gfx</Filter>
    </ClCompile>
    <ClCompile Include="src\gfx\mario_walk_right1.c">
      <Filter>Source Files\gfx</Filter>
    </ClCompile>
    <ClCompile Include="src\gfx\mario_walk_right2.c">
      <Filter>Source Files\gfx</Filter>
    </ClCompile>
    <ClCompile Include="src\gfx\num100.c">
      <Filter>Source Files\gfx</Filter>
    </ClCompile>
    <ClCompile Include="src\gfx\num200.c">
      <Filter>Source Files\gfx</Filter>
    </ClCompile>
    <ClCompile Include="src\gfx\num300.c">
      <Filter>Source Files\gfx</Filter>
    </ClCompile>
    <ClCompile Include="src\gfx\num500.c">
      <Filter>Source Files\gfx</Filter>
    </ClCompile>
    <ClCompile Include="src\gfx\num800.c">
      <Filter>Source Files\gfx</Filter>
    </ClCompile>
    <ClCompile Include="src\gfx\oil.c">
      <Filter>Source Files\gfx</Filter>
    </ClCompile>
    <ClCompile Include="src\gfx\rivet.c">
      <Filter>Source Files\gfx</Filter>
    </ClCompile>
    <ClCompile Include="src\gfx\text_bonus.c">
      <Filter>Source Files\gfx</Filter>
    </ClCompile>
    <ClCompile Include="src\gfx\x_character.c">
      <Filter>Source Files\gfx</Filter>
    </ClCompile>
    <ClCompile Include="src\gfx\tiles_gfx.c">
      <Filter>Source Files\gfx</Filter>
    </ClCompile>
    <ClCompile Include="src\gfx\ladder.c">
      <Filter>Source Files\gfx</Filter>
    </ClCompile>
    <ClCompile Include="src\images.c">
      <Filter>Source Files</Filter>
    </ClCompile>
    <ClCompile Include="src\elevators.c">
      <Filter>Source Files</Filter>
    </ClCompile>
    <ClCompile Include="src\conveyors.c">
      <Filter>Source Files</Filter>
    </ClCompile>
  </ItemGroup>
  <ItemGroup>
    <ClInclude Include="src\barrels.h">
      <Filter>Header Files</Filter>
    </ClInclude>
    <ClInclude Include="src\bonus_scores.h">
      <Filter>Header Files</Filter>
    </ClInclude>
    <ClInclude Include="src\defines.h">
      <Filter>Header Files</Filter>
    </ClInclude>
    <ClInclude Include="src\drawsprites.h">
      <Filter>Header Files</Filter>
    </ClInclude>
    <ClInclude Include="src\firefoxes.h">
      <Filter>Header Files</Filter>
    </ClInclude>
    <ClInclude Include="src\jumpman.h">
      <Filter>Header Files</Filter>
    </ClInclude>
    <ClInclude Include="src\kong.h">
      <Filter>Header Files</Filter>
    </ClInclude>
    <ClInclude Include="src\main.h">
      <Filter>Header Files</Filter>
    </ClInclude>
    <ClInclude Include="src\overlay.h">
      <Filter>Header Files</Filter>
    </ClInclude>
    <ClInclude Include="src\scorescreen.h">
      <Filter>Header Files</Filter>
    </ClInclude>
    <ClInclude Include="src\stages.h">
      <Filter>Header Files</Filter>
    </ClInclude>
    <ClInclude Include="src\gfx\tiles_gfx.h">
      <Filter>Header Files</Filter>
    </ClInclude>
    <ClInclude Include="src\images.h">
      <Filter>Header Files</Filter>
    </ClInclude>
    <ClInclude Include="src\elevators.h">
      <Filter>Header Files</Filter>
    </ClInclude>
    <ClInclude Include="src\conveyors.h">
      <Filter>Header Files</Filter>
    </ClInclude>
  </ItemGroup>
  <ItemGroup>
    <None Include="makefile">
      <Filter>Resource Files</Filter>
    </None>
    <None Include="src\collision.asm">
      <Filter>Source Files</Filter>
    </None>
    <None Include="src\routines.asm">
      <Filter>Source Files</Filter>
    </None>
  </ItemGroup>
</Project>